
Microsoft Visual Studio Solution File, Format Version 12.00
# Visual Studio Version 17
VisualStudioVersion = 17.5.002.0
MinimumVisualStudioVersion = 10.0.40219.1
Project("{9A19103F-16F7-4668-BE54-9A1E7A4F7556}") = "maskotas", "maskotas.csproj", "{5092A2A8-9845-4DEB-828F-1A9F7AD13A46}"
EndProject
Global
	GlobalSection(SolutionConfigurationPlatforms) = preSolution
		Debug|Any CPU = Debug|Any CPU
		Release|Any CPU = Release|Any CPU
	EndGlobalSection
	GlobalSection(ProjectConfigurationPlatforms) = postSolution
		{5092A2A8-9845-4DEB-828F-1A9F7AD13A46}.Debug|Any CPU.ActiveCfg = Debug|Any CPU
		{5092A2A8-9845-4DEB-828F-1A9F7AD13A46}.Debug|Any CPU.Build.0 = Debug|Any CPU
		{5092A2A8-9845-4DEB-828F-1A9F7AD13A46}.Release|Any CPU.ActiveCfg = Release|Any CPU
		{5092A2A8-9845-4DEB-828F-1A9F7AD13A46}.Release|Any CPU.Build.0 = Release|Any CPU
	EndGlobalSection
	GlobalSection(SolutionProperties) = preSolution
		HideSolutionNode = FALSE
	EndGlobalSection
	GlobalSection(ExtensibilityGlobals) = postSolution
		SolutionGuid = {1EC0A190-841C-495E-B80E-4E4531533E71}
	EndGlobalSection
EndGlobal
